
Microsoft Visual Studio Solution File, Format Version 12.00
Project("{FAE04EC0-301F-11D3-BF4B-00C04F79EFBC}") = "MarshalLib", "MarshalLib\MarshalLib.csproj", "{0BF723F3-BCFF-4342-B8FB-A421DE421F8D}"
EndProject
Project("{FAE04EC0-301F-11D3-BF4B-00C04F79EFBC}") = "TempestServer", "TempestServer\TempestServer.csproj", "{454DB94C-6BB8-4388-8F79-6587AF842058}"
EndProject
Project("{FAE04EC0-301F-11D3-BF4B-00C04F79EFBC}") = "MctsDetective", "MctsDetective\MctsDetective.csproj", "{A40AC1CE-A924-4F5A-97C7-BF52F05F765F}"
EndProject
Global
	GlobalSection(SolutionConfigurationPlatforms) = preSolution
		Debug|Any CPU = Debug|Any CPU
		Release|Any CPU = Release|Any CPU
	EndGlobalSection
	GlobalSection(ProjectConfigurationPlatforms) = postSolution
		{0BF723F3-BCFF-4342-B8FB-A421DE421F8D}.Debug|Any CPU.ActiveCfg = Debug|Any CPU
		{0BF723F3-BCFF-4342-B8FB-A421DE421F8D}.Debug|Any CPU.Build.0 = Debug|Any CPU
		{0BF723F3-BCFF-4342-B8FB-A421DE421F8D}.Release|Any CPU.ActiveCfg = Release|Any CPU
		{0BF723F3-BCFF-4342-B8FB-A421DE421F8D}.Release|Any CPU.Build.0 = Release|Any CPU
		{454DB94C-6BB8-4388-8F79-6587AF842058}.Debug|Any CPU.ActiveCfg = Debug|Any CPU
		{454DB94C-6BB8-4388-8F79-6587AF842058}.Debug|Any CPU.Build.0 = Debug|Any CPU
		{454DB94C-6BB8-4388-8F79-6587AF842058}.Release|Any CPU.ActiveCfg = Release|Any CPU
		{454DB94C-6BB8-4388-8F79-6587AF842058}.Release|Any CPU.Build.0 = Release|Any CPU
		{A40AC1CE-A924-4F5A-97C7-BF52F05F765F}.Debug|Any CPU.ActiveCfg = Debug|Any CPU
		{A40AC1CE-A924-4F5A-97C7-BF52F05F765F}.Debug|Any CPU.Build.0 = Debug|Any CPU
		{A40AC1CE-A924-4F5A-97C7-BF52F05F765F}.Release|Any CPU.ActiveCfg = Release|Any CPU
		{A40AC1CE-A924-4F5A-97C7-BF52F05F765F}.Release|Any CPU.Build.0 = Release|Any CPU
	EndGlobalSection
EndGlobal
