
Microsoft Visual Studio Solution File, Format Version 12.00
Project("{FAE04EC0-301F-11D3-BF4B-00C04F79EFBC}") = "MarshalLib", "MarshalLib\MarshalLib.csproj", "{0BF723F3-BCFF-4342-B8FB-A421DE421F8D}"
EndProject
Project("{FAE04EC0-301F-11D3-BF4B-00C04F79EFBC}") = "Tempest.CLI", "Tempest.CLI\Tempest.CLI.csproj", "{9E9256B8-B6B4-4EC0-B9E2-65A3660ED5DC}"
EndProject
Project("{FAE04EC0-301F-11D3-BF4B-00C04F79EFBC}") = "Tempest.Protocol", "Tempest.Protocol\Tempest.Protocol.csproj", "{68E794CD-7517-41D4-A978-80EDC0B7B215}"
EndProject
Project("{FAE04EC0-301F-11D3-BF4B-00C04F79EFBC}") = "Tempest.Services", "Tempest.Services\Tempest.Services.csproj", "{D507C2D2-04E9-4302-A8AC-6B47806F1866}"
EndProject
Global
	GlobalSection(SolutionConfigurationPlatforms) = preSolution
		Debug|Any CPU = Debug|Any CPU
		Release|Any CPU = Release|Any CPU
	EndGlobalSection
	GlobalSection(ProjectConfigurationPlatforms) = postSolution
		{0BF723F3-BCFF-4342-B8FB-A421DE421F8D}.Debug|Any CPU.ActiveCfg = Debug|Any CPU
		{0BF723F3-BCFF-4342-B8FB-A421DE421F8D}.Debug|Any CPU.Build.0 = Debug|Any CPU
		{0BF723F3-BCFF-4342-B8FB-A421DE421F8D}.Release|Any CPU.ActiveCfg = Release|Any CPU
		{0BF723F3-BCFF-4342-B8FB-A421DE421F8D}.Release|Any CPU.Build.0 = Release|Any CPU
		{9E9256B8-B6B4-4EC0-B9E2-65A3660ED5DC}.Debug|Any CPU.ActiveCfg = Debug|Any CPU
		{9E9256B8-B6B4-4EC0-B9E2-65A3660ED5DC}.Debug|Any CPU.Build.0 = Debug|Any CPU
		{9E9256B8-B6B4-4EC0-B9E2-65A3660ED5DC}.Release|Any CPU.ActiveCfg = Release|Any CPU
		{9E9256B8-B6B4-4EC0-B9E2-65A3660ED5DC}.Release|Any CPU.Build.0 = Release|Any CPU
		{68E794CD-7517-41D4-A978-80EDC0B7B215}.Debug|Any CPU.ActiveCfg = Debug|Any CPU
		{68E794CD-7517-41D4-A978-80EDC0B7B215}.Debug|Any CPU.Build.0 = Debug|Any CPU
		{68E794CD-7517-41D4-A978-80EDC0B7B215}.Release|Any CPU.ActiveCfg = Release|Any CPU
		{68E794CD-7517-41D4-A978-80EDC0B7B215}.Release|Any CPU.Build.0 = Release|Any CPU
		{D507C2D2-04E9-4302-A8AC-6B47806F1866}.Debug|Any CPU.ActiveCfg = Debug|Any CPU
		{D507C2D2-04E9-4302-A8AC-6B47806F1866}.Debug|Any CPU.Build.0 = Debug|Any CPU
		{D507C2D2-04E9-4302-A8AC-6B47806F1866}.Release|Any CPU.ActiveCfg = Release|Any CPU
		{D507C2D2-04E9-4302-A8AC-6B47806F1866}.Release|Any CPU.Build.0 = Release|Any CPU
	EndGlobalSection
EndGlobal
